// !$*UTF8*$!
{
	archiveVersion = 1;
	classes = {
	};
	objectVersion = 46;
	objects = {

/* Begin PBXBuildFile section */
		A7045F1B1DF508A200B68986 /* AppDelegate.swift in Sources */ = {isa = PBXBuildFile; fileRef = A7045F1A1DF508A200B68986 /* AppDelegate.swift */; };
		A7045F201DF508A200B68986 /* Main.storyboard in Resources */ = {isa = PBXBuildFile; fileRef = A7045F1E1DF508A200B68986 /* Main.storyboard */; };
		A7045F221DF508A200B68986 /* Assets.xcassets in Resources */ = {isa = PBXBuildFile; fileRef = A7045F211DF508A200B68986 /* Assets.xcassets */; };
		A7045F251DF508A200B68986 /* LaunchScreen.storyboard in Resources */ = {isa = PBXBuildFile; fileRef = A7045F231DF508A200B68986 /* LaunchScreen.storyboard */; };
		A7045F301DF508A200B68986 /* api_clientTests.swift in Sources */ = {isa = PBXBuildFile; fileRef = A7045F2F1DF508A200B68986 /* api_clientTests.swift */; };
		A7045F421DF50B7100B68986 /* MainVC.swift in Sources */ = {isa = PBXBuildFile; fileRef = A7045F411DF50B7100B68986 /* MainVC.swift */; };
		A7045F441DF50BE700B68986 /* FoodTruck.swift in Sources */ = {isa = PBXBuildFile; fileRef = A7045F431DF50BE700B68986 /* FoodTruck.swift */; };
		A7045F461DF5104900B68986 /* FoodTruckReview.swift in Sources */ = {isa = PBXBuildFile; fileRef = A7045F451DF5104900B68986 /* FoodTruckReview.swift */; };
		A7045F481DF5127800B68986 /* DataService.swift in Sources */ = {isa = PBXBuildFile; fileRef = A7045F471DF5127800B68986 /* DataService.swift */; };
		A7045F4A1DF5144300B68986 /* Constants.swift in Sources */ = {isa = PBXBuildFile; fileRef = A7045F491DF5144300B68986 /* Constants.swift */; };
		A727D4FF1DFB4F9A00EF4670 /* DetailsVC.swift in Sources */ = {isa = PBXBuildFile; fileRef = A727D4FE1DFB4F9A00EF4670 /* DetailsVC.swift */; };
		A727D5011DFB613600EF4670 /* ReviewsVC.swift in Sources */ = {isa = PBXBuildFile; fileRef = A727D5001DFB613600EF4670 /* ReviewsVC.swift */; };
		A727D5031DFB62CB00EF4670 /* AddReviewVC.swift in Sources */ = {isa = PBXBuildFile; fileRef = A727D5021DFB62CB00EF4670 /* AddReviewVC.swift */; };
		A727D5051DFB666200EF4670 /* ReviewCell.swift in Sources */ = {isa = PBXBuildFile; fileRef = A727D5041DFB666200EF4670 /* ReviewCell.swift */; };
		A7A5AAA01DF7AE8E00B24949 /* AuthService.swift in Sources */ = {isa = PBXBuildFile; fileRef = A7A5AA9F1DF7AE8E00B24949 /* AuthService.swift */; };
		A7A5AAA21DF88A4200B24949 /* FoodTruckCell.swift in Sources */ = {isa = PBXBuildFile; fileRef = A7A5AAA11DF88A4200B24949 /* FoodTruckCell.swift */; };
		A7A5AAA51DF8A22E00B24949 /* LogInVC.swift in Sources */ = {isa = PBXBuildFile; fileRef = A7A5AAA31DF8A22E00B24949 /* LogInVC.swift */; };
		A7A5AAA61DF8A22E00B24949 /* LogInVC.xib in Resources */ = {isa = PBXBuildFile; fileRef = A7A5AAA41DF8A22E00B24949 /* LogInVC.xib */; };
		A7A5AAA81DFA5C3300B24949 /* AddTruckVC.swift in Sources */ = {isa = PBXBuildFile; fileRef = A7A5AAA71DFA5C3300B24949 /* AddTruckVC.swift */; };
/* End PBXBuildFile section */

/* Begin PBXContainerItemProxy section */
		A7045F2C1DF508A200B68986 /* PBXContainerItemProxy */ = {
			isa = PBXContainerItemProxy;
			containerPortal = A7045F0F1DF508A200B68986 /* Project object */;
			proxyType = 1;
			remoteGlobalIDString = A7045F161DF508A200B68986;
			remoteInfo = "api-client";
		};
/* End PBXContainerItemProxy section */

/* Begin PBXFileReference section */
		A7045F171DF508A200B68986 /* api-client.app */ = {isa = PBXFileReference; explicitFileType = wrapper.application; includeInIndex = 0; path = "api-client.app"; sourceTree = BUILT_PRODUCTS_DIR; };
		A7045F1A1DF508A200B68986 /* AppDelegate.swift */ = {isa = PBXFileReference; lastKnownFileType = sourcecode.swift; path = AppDelegate.swift; sourceTree = "<group>"; };
		A7045F1F1DF508A200B68986 /* Base */ = {isa = PBXFileReference; lastKnownFileType = file.storyboard; name = Base; path = Base.lproj/Main.storyboard; sourceTree = "<group>"; };
		A7045F211DF508A200B68986 /* Assets.xcassets */ = {isa = PBXFileReference; lastKnownFileType = folder.assetcatalog; path = Assets.xcassets; sourceTree = "<group>"; };
		A7045F241DF508A200B68986 /* Base */ = {isa = PBXFileReference; lastKnownFileType = file.storyboard; name = Base; path = Base.lproj/LaunchScreen.storyboard; sourceTree = "<group>"; };
		A7045F261DF508A200B68986 /* Info.plist */ = {isa = PBXFileReference; lastKnownFileType = text.plist.xml; path = Info.plist; sourceTree = "<group>"; };
		A7045F2B1DF508A200B68986 /* api-clientTests.xctest */ = {isa = PBXFileReference; explicitFileType = wrapper.cfbundle; includeInIndex = 0; path = "api-clientTests.xctest"; sourceTree = BUILT_PRODUCTS_DIR; };
		A7045F2F1DF508A200B68986 /* api_clientTests.swift */ = {isa = PBXFileReference; lastKnownFileType = sourcecode.swift; path = api_clientTests.swift; sourceTree = "<group>"; };
		A7045F311DF508A200B68986 /* Info.plist */ = {isa = PBXFileReference; lastKnownFileType = text.plist.xml; path = Info.plist; sourceTree = "<group>"; };
		A7045F411DF50B7100B68986 /* MainVC.swift */ = {isa = PBXFileReference; fileEncoding = 4; lastKnownFileType = sourcecode.swift; path = MainVC.swift; sourceTree = "<group>"; };
		A7045F431DF50BE700B68986 /* FoodTruck.swift */ = {isa = PBXFileReference; fileEncoding = 4; lastKnownFileType = sourcecode.swift; path = FoodTruck.swift; sourceTree = "<group>"; };
		A7045F451DF5104900B68986 /* FoodTruckReview.swift */ = {isa = PBXFileReference; fileEncoding = 4; lastKnownFileType = sourcecode.swift; path = FoodTruckReview.swift; sourceTree = "<group>"; };
		A7045F471DF5127800B68986 /* DataService.swift */ = {isa = PBXFileReference; fileEncoding = 4; lastKnownFileType = sourcecode.swift; path = DataService.swift; sourceTree = "<group>"; };
		A7045F491DF5144300B68986 /* Constants.swift */ = {isa = PBXFileReference; fileEncoding = 4; lastKnownFileType = sourcecode.swift; path = Constants.swift; sourceTree = "<group>"; };
		A727D4FE1DFB4F9A00EF4670 /* DetailsVC.swift */ = {isa = PBXFileReference; fileEncoding = 4; lastKnownFileType = sourcecode.swift; path = DetailsVC.swift; sourceTree = "<group>"; };
		A727D5001DFB613600EF4670 /* ReviewsVC.swift */ = {isa = PBXFileReference; fileEncoding = 4; lastKnownFileType = sourcecode.swift; path = ReviewsVC.swift; sourceTree = "<group>"; };
		A727D5021DFB62CB00EF4670 /* AddReviewVC.swift */ = {isa = PBXFileReference; fileEncoding = 4; lastKnownFileType = sourcecode.swift; path = AddReviewVC.swift; sourceTree = "<group>"; };
		A727D5041DFB666200EF4670 /* ReviewCell.swift */ = {isa = PBXFileReference; fileEncoding = 4; lastKnownFileType = sourcecode.swift; path = ReviewCell.swift; sourceTree = "<group>"; };
		A7A5AA9F1DF7AE8E00B24949 /* AuthService.swift */ = {isa = PBXFileReference; fileEncoding = 4; lastKnownFileType = sourcecode.swift; path = AuthService.swift; sourceTree = "<group>"; };
		A7A5AAA11DF88A4200B24949 /* FoodTruckCell.swift */ = {isa = PBXFileReference; fileEncoding = 4; lastKnownFileType = sourcecode.swift; path = FoodTruckCell.swift; sourceTree = "<group>"; };
		A7A5AAA31DF8A22E00B24949 /* LogInVC.swift */ = {isa = PBXFileReference; fileEncoding = 4; lastKnownFileType = sourcecode.swift; path = LogInVC.swift; sourceTree = "<group>"; };
		A7A5AAA41DF8A22E00B24949 /* LogInVC.xib */ = {isa = PBXFileReference; fileEncoding = 4; lastKnownFileType = file.xib; path = LogInVC.xib; sourceTree = "<group>"; };
		A7A5AAA71DFA5C3300B24949 /* AddTruckVC.swift */ = {isa = PBXFileReference; fileEncoding = 4; lastKnownFileType = sourcecode.swift; path = AddTruckVC.swift; sourceTree = "<group>"; };
/* End PBXFileReference section */

/* Begin PBXFrameworksBuildPhase section */
		A7045F141DF508A200B68986 /* Frameworks */ = {
			isa = PBXFrameworksBuildPhase;
			buildActionMask = 2147483647;
			files = (
			);
			runOnlyForDeploymentPostprocessing = 0;
		};
		A7045F281DF508A200B68986 /* Frameworks */ = {
			isa = PBXFrameworksBuildPhase;
			buildActionMask = 2147483647;
			files = (
			);
			runOnlyForDeploymentPostprocessing = 0;
		};
/* End PBXFrameworksBuildPhase section */

/* Begin PBXGroup section */
		A7045F0E1DF508A200B68986 = {
			isa = PBXGroup;
			children = (
				A7045F191DF508A200B68986 /* api-client */,
				A7045F2E1DF508A200B68986 /* api-clientTests */,
				A7045F181DF508A200B68986 /* Products */,
			);
			sourceTree = "<group>";
		};
		A7045F181DF508A200B68986 /* Products */ = {
			isa = PBXGroup;
			children = (
				A7045F171DF508A200B68986 /* api-client.app */,
				A7045F2B1DF508A200B68986 /* api-clientTests.xctest */,
			);
			name = Products;
			sourceTree = "<group>";
		};
		A7045F191DF508A200B68986 /* api-client */ = {
			isa = PBXGroup;
			children = (
				A7045F3E1DF50A3B00B68986 /* View */,
				A7045F3D1DF50A3600B68986 /* Model */,
				A7045F3C1DF50A2200B68986 /* Controller */,
				A7045F3B1DF50A1C00B68986 /* Resources */,
				A7045F3A1DF50A1100B68986 /* Services */,
			);
			path = "api-client";
			sourceTree = "<group>";
		};
		A7045F2E1DF508A200B68986 /* api-clientTests */ = {
			isa = PBXGroup;
			children = (
				A7045F2F1DF508A200B68986 /* api_clientTests.swift */,
				A7045F311DF508A200B68986 /* Info.plist */,
			);
			path = "api-clientTests";
			sourceTree = "<group>";
		};
		A7045F3A1DF50A1100B68986 /* Services */ = {
			isa = PBXGroup;
			children = (
				A7045F471DF5127800B68986 /* DataService.swift */,
				A7A5AA9F1DF7AE8E00B24949 /* AuthService.swift */,
			);
			name = Services;
			sourceTree = "<group>";
		};
		A7045F3B1DF50A1C00B68986 /* Resources */ = {
			isa = PBXGroup;
			children = (
				A7045F261DF508A200B68986 /* Info.plist */,
				A7045F211DF508A200B68986 /* Assets.xcassets */,
				A7045F491DF5144300B68986 /* Constants.swift */,
			);
			name = Resources;
			sourceTree = "<group>";
		};
		A7045F3C1DF50A2200B68986 /* Controller */ = {
			isa = PBXGroup;
			children = (
				A7045F1A1DF508A200B68986 /* AppDelegate.swift */,
				A7045F411DF50B7100B68986 /* MainVC.swift */,
				A7A5AAA31DF8A22E00B24949 /* LogInVC.swift */,
				A7A5AAA71DFA5C3300B24949 /* AddTruckVC.swift */,
				A727D4FE1DFB4F9A00EF4670 /* DetailsVC.swift */,
				A727D5001DFB613600EF4670 /* ReviewsVC.swift */,
				A727D5021DFB62CB00EF4670 /* AddReviewVC.swift */,
			);
			name = Controller;
			sourceTree = "<group>";
		};
		A7045F3D1DF50A3600B68986 /* Model */ = {
			isa = PBXGroup;
			children = (
				A7045F431DF50BE700B68986 /* FoodTruck.swift */,
				A7045F451DF5104900B68986 /* FoodTruckReview.swift */,
			);
			name = Model;
			sourceTree = "<group>";
		};
		A7045F3E1DF50A3B00B68986 /* View */ = {
			isa = PBXGroup;
			children = (
				A7045F231DF508A200B68986 /* LaunchScreen.storyboard */,
				A7045F1E1DF508A200B68986 /* Main.storyboard */,
				A7A5AAA41DF8A22E00B24949 /* LogInVC.xib */,
				A7A5AAA11DF88A4200B24949 /* FoodTruckCell.swift */,
				A727D5041DFB666200EF4670 /* ReviewCell.swift */,
			);
			name = View;
			sourceTree = "<group>";
		};
/* End PBXGroup section */

/* Begin PBXNativeTarget section */
		A7045F161DF508A200B68986 /* api-client */ = {
			isa = PBXNativeTarget;
			buildConfigurationList = A7045F341DF508A200B68986 /* Build configuration list for PBXNativeTarget "api-client" */;
			buildPhases = (
				A7045F131DF508A200B68986 /* Sources */,
				A7045F141DF508A200B68986 /* Frameworks */,
				A7045F151DF508A200B68986 /* Resources */,
			);
			buildRules = (
			);
			dependencies = (
			);
			name = "api-client";
			productName = "api-client";
			productReference = A7045F171DF508A200B68986 /* api-client.app */;
			productType = "com.apple.product-type.application";
		};
		A7045F2A1DF508A200B68986 /* api-clientTests */ = {
			isa = PBXNativeTarget;
			buildConfigurationList = A7045F371DF508A200B68986 /* Build configuration list for PBXNativeTarget "api-clientTests" */;
			buildPhases = (
				A7045F271DF508A200B68986 /* Sources */,
				A7045F281DF508A200B68986 /* Frameworks */,
				A7045F291DF508A200B68986 /* Resources */,
			);
			buildRules = (
			);
			dependencies = (
				A7045F2D1DF508A200B68986 /* PBXTargetDependency */,
			);
			name = "api-clientTests";
			productName = "api-clientTests";
			productReference = A7045F2B1DF508A200B68986 /* api-clientTests.xctest */;
			productType = "com.apple.product-type.bundle.unit-test";
		};
/* End PBXNativeTarget section */

/* Begin PBXProject section */
		A7045F0F1DF508A200B68986 /* Project object */ = {
			isa = PBXProject;
			attributes = {
				LastSwiftUpdateCheck = 0810;
				LastUpgradeCheck = 0810;
				ORGANIZATIONNAME = "Grant Rosario";
				TargetAttributes = {
					A7045F161DF508A200B68986 = {
						CreatedOnToolsVersion = 8.1;
						DevelopmentTeam = BEFKP7RQEK;
						ProvisioningStyle = Automatic;
					};
					A7045F2A1DF508A200B68986 = {
						CreatedOnToolsVersion = 8.1;
						DevelopmentTeam = BEFKP7RQEK;
						ProvisioningStyle = Automatic;
						TestTargetID = A7045F161DF508A200B68986;
					};
				};
			};
			buildConfigurationList = A7045F121DF508A200B68986 /* Build configuration list for PBXProject "api-client" */;
			compatibilityVersion = "Xcode 3.2";
			developmentRegion = English;
			hasScannedForEncodings = 0;
			knownRegions = (
				en,
				Base,
			);
			mainGroup = A7045F0E1DF508A200B68986;
			productRefGroup = A7045F181DF508A200B68986 /* Products */;
			projectDirPath = "";
			projectRoot = "";
			targets = (
				A7045F161DF508A200B68986 /* api-client */,
				A7045F2A1DF508A200B68986 /* api-clientTests */,
			);
		};
/* End PBXProject section */

/* Begin PBXResourcesBuildPhase section */
		A7045F151DF508A200B68986 /* Resources */ = {
			isa = PBXResourcesBuildPhase;
			buildActionMask = 2147483647;
			files = (
				A7045F251DF508A200B68986 /* LaunchScreen.storyboard in Resources */,
				A7045F221DF508A200B68986 /* Assets.xcassets in Resources */,
				A7A5AAA61DF8A22E00B24949 /* LogInVC.xib in Resources */,
				A7045F201DF508A200B68986 /* Main.storyboard in Resources */,
			);
			runOnlyForDeploymentPostprocessing = 0;
		};
		A7045F291DF508A200B68986 /* Resources */ = {
			isa = PBXResourcesBuildPhase;
			buildActionMask = 2147483647;
			files = (
			);
			runOnlyForDeploymentPostprocessing = 0;
		};
/* End PBXResourcesBuildPhase section */

/* Begin PBXSourcesBuildPhase section */
		A7045F131DF508A200B68986 /* Sources */ = {
			isa = PBXSourcesBuildPhase;
			buildActionMask = 2147483647;
			files = (
				A727D5031DFB62CB00EF4670 /* AddReviewVC.swift in Sources */,
				A7045F1B1DF508A200B68986 /* AppDelegate.swift in Sources */,
				A7045F421DF50B7100B68986 /* MainVC.swift in Sources */,
				A7045F441DF50BE700B68986 /* FoodTruck.swift in Sources */,
				A7045F461DF5104900B68986 /* FoodTruckReview.swift in Sources */,
				A7045F481DF5127800B68986 /* DataService.swift in Sources */,
				A7045F4A1DF5144300B68986 /* Constants.swift in Sources */,
				A7A5AAA81DFA5C3300B24949 /* AddTruckVC.swift in Sources */,
				A7A5AAA01DF7AE8E00B24949 /* AuthService.swift in Sources */,
				A727D5011DFB613600EF4670 /* ReviewsVC.swift in Sources */,
				A7A5AAA21DF88A4200B24949 /* FoodTruckCell.swift in Sources */,
				A7A5AAA51DF8A22E00B24949 /* LogInVC.swift in Sources */,
				A727D4FF1DFB4F9A00EF4670 /* DetailsVC.swift in Sources */,
				A727D5051DFB666200EF4670 /* ReviewCell.swift in Sources */,
			);
			runOnlyForDeploymentPostprocessing = 0;
		};
		A7045F271DF508A200B68986 /* Sources */ = {
			isa = PBXSourcesBuildPhase;
			buildActionMask = 2147483647;
			files = (
				A7045F301DF508A200B68986 /* api_clientTests.swift in Sources */,
			);
			runOnlyForDeploymentPostprocessing = 0;
		};
/* End PBXSourcesBuildPhase section */

/* Begin PBXTargetDependency section */
		A7045F2D1DF508A200B68986 /* PBXTargetDependency */ = {
			isa = PBXTargetDependency;
			target = A7045F161DF508A200B68986 /* api-client */;
			targetProxy = A7045F2C1DF508A200B68986 /* PBXContainerItemProxy */;
		};
/* End PBXTargetDependency section */

/* Begin PBXVariantGroup section */
		A7045F1E1DF508A200B68986 /* Main.storyboard */ = {
			isa = PBXVariantGroup;
			children = (
				A7045F1F1DF508A200B68986 /* Base */,
			);
			name = Main.storyboard;
			sourceTree = "<group>";
		};
		A7045F231DF508A200B68986 /* LaunchScreen.storyboard */ = {
			isa = PBXVariantGroup;
			children = (
				A7045F241DF508A200B68986 /* Base */,
			);
			name = LaunchScreen.storyboard;
			sourceTree = "<group>";
		};
/* End PBXVariantGroup section */

/* Begin XCBuildConfiguration section */
		A7045F321DF508A200B68986 /* Debug */ = {
			isa = XCBuildConfiguration;
			buildSettings = {
				ALWAYS_SEARCH_USER_PATHS = NO;
				CLANG_ANALYZER_NONNULL = YES;
				CLANG_CXX_LANGUAGE_STANDARD = "gnu++0x";
				CLANG_CXX_LIBRARY = "libc++";
				CLANG_ENABLE_MODULES = YES;
				CLANG_ENABLE_OBJC_ARC = YES;
				CLANG_WARN_BOOL_CONVERSION = YES;
				CLANG_WARN_CONSTANT_CONVERSION = YES;
				CLANG_WARN_DIRECT_OBJC_ISA_USAGE = YES_ERROR;
				CLANG_WARN_DOCUMENTATION_COMMENTS = YES;
				CLANG_WARN_EMPTY_BODY = YES;
				CLANG_WARN_ENUM_CONVERSION = YES;
				CLANG_WARN_INFINITE_RECURSION = YES;
				CLANG_WARN_INT_CONVERSION = YES;
				CLANG_WARN_OBJC_ROOT_CLASS = YES_ERROR;
				CLANG_WARN_SUSPICIOUS_MOVES = YES;
				CLANG_WARN_UNREACHABLE_CODE = YES;
				CLANG_WARN__DUPLICATE_METHOD_MATCH = YES;
				"CODE_SIGN_IDENTITY[sdk=iphoneos*]" = "iPhone Developer";
				COPY_PHASE_STRIP = NO;
				DEBUG_INFORMATION_FORMAT = dwarf;
				ENABLE_STRICT_OBJC_MSGSEND = YES;
				ENABLE_TESTABILITY = YES;
				GCC_C_LANGUAGE_STANDARD = gnu99;
				GCC_DYNAMIC_NO_PIC = NO;
				GCC_NO_COMMON_BLOCKS = YES;
				GCC_OPTIMIZATION_LEVEL = 0;
				GCC_PREPROCESSOR_DEFINITIONS = (
					"DEBUG=1",
					"$(inherited)",
				);
				GCC_WARN_64_TO_32_BIT_CONVERSION = YES;
				GCC_WARN_ABOUT_RETURN_TYPE = YES_ERROR;
				GCC_WARN_UNDECLARED_SELECTOR = YES;
				GCC_WARN_UNINITIALIZED_AUTOS = YES_AGGRESSIVE;
				GCC_WARN_UNUSED_FUNCTION = YES;
				GCC_WARN_UNUSED_VARIABLE = YES;
				IPHONEOS_DEPLOYMENT_TARGET = 10.1;
				MTL_ENABLE_DEBUG_INFO = YES;
				ONLY_ACTIVE_ARCH = YES;
				SDKROOT = iphoneos;
				SWIFT_ACTIVE_COMPILATION_CONDITIONS = DEBUG;
				SWIFT_OPTIMIZATION_LEVEL = "-Onone";
			};
			name = Debug;
		};
		A7045F331DF508A200B68986 /* Release */ = {
			isa = XCBuildConfiguration;
			buildSettings = {
				ALWAYS_SEARCH_USER_PATHS = NO;
				CLANG_ANALYZER_NONNULL = YES;
				CLANG_CXX_LANGUAGE_STANDARD = "gnu++0x";
				CLANG_CXX_LIBRARY = "libc++";
				CLANG_ENABLE_MODULES = YES;
				CLANG_ENABLE_OBJC_ARC = YES;
				CLANG_WARN_BOOL_CONVERSION = YES;
				CLANG_WARN_CONSTANT_CONVERSION = YES;
				CLANG_WARN_DIRECT_OBJC_ISA_USAGE = YES_ERROR;
				CLANG_WARN_DOCUMENTATION_COMMENTS = YES;
				CLANG_WARN_EMPTY_BODY = YES;
				CLANG_WARN_ENUM_CONVERSION = YES;
				CLANG_WARN_INFINITE_RECURSION = YES;
				CLANG_WARN_INT_CONVERSION = YES;
				CLANG_WARN_OBJC_ROOT_CLASS = YES_ERROR;
				CLANG_WARN_SUSPICIOUS_MOVES = YES;
				CLANG_WARN_UNREACHABLE_CODE = YES;
				CLANG_WARN__DUPLICATE_METHOD_MATCH = YES;
				"CODE_SIGN_IDENTITY[sdk=iphoneos*]" = "iPhone Developer";
				COPY_PHASE_STRIP = NO;
				DEBUG_INFORMATION_FORMAT = "dwarf-with-dsym";
				ENABLE_NS_ASSERTIONS = NO;
				ENABLE_STRICT_OBJC_MSGSEND = YES;
				GCC_C_LANGUAGE_STANDARD = gnu99;
				GCC_NO_COMMON_BLOCKS = YES;
				GCC_WARN_64_TO_32_BIT_CONVERSION = YES;
				GCC_WARN_ABOUT_RETURN_TYPE = YES_ERROR;
				GCC_WARN_UNDECLARED_SELECTOR = YES;
				GCC_WARN_UNINITIALIZED_AUTOS = YES_AGGRESSIVE;
				GCC_WARN_UNUSED_FUNCTION = YES;
				GCC_WARN_UNUSED_VARIABLE = YES;
				IPHONEOS_DEPLOYMENT_TARGET = 10.1;
				MTL_ENABLE_DEBUG_INFO = NO;
				SDKROOT = iphoneos;
				SWIFT_OPTIMIZATION_LEVEL = "-Owholemodule";
				VALIDATE_PRODUCT = YES;
			};
			name = Release;
		};
		A7045F351DF508A200B68986 /* Debug */ = {
			isa = XCBuildConfiguration;
			buildSettings = {
				ASSETCATALOG_COMPILER_APPICON_NAME = AppIcon;
				DEVELOPMENT_TEAM = BEFKP7RQEK;
				INFOPLIST_FILE = "api-client/Info.plist";
				LD_RUNPATH_SEARCH_PATHS = "$(inherited) @executable_path/Frameworks";
				PRODUCT_BUNDLE_IDENTIFIER = "com.example.api-client";
				PRODUCT_NAME = "$(TARGET_NAME)";
				SWIFT_VERSION = 3.0;
			};
			name = Debug;
		};
		A7045F361DF508A200B68986 /* Release */ = {
			isa = XCBuildConfiguration;
			buildSettings = {
				ASSETCATALOG_COMPILER_APPICON_NAME = AppIcon;
				DEVELOPMENT_TEAM = BEFKP7RQEK;
				INFOPLIST_FILE = "api-client/Info.plist";
				LD_RUNPATH_SEARCH_PATHS = "$(inherited) @executable_path/Frameworks";
				PRODUCT_BUNDLE_IDENTIFIER = "com.example.api-client";
				PRODUCT_NAME = "$(TARGET_NAME)";
				SWIFT_VERSION = 3.0;
			};
			name = Release;
		};
		A7045F381DF508A200B68986 /* Debug */ = {
			isa = XCBuildConfiguration;
			buildSettings = {
				ALWAYS_EMBED_SWIFT_STANDARD_LIBRARIES = YES;
				BUNDLE_LOADER = "$(TEST_HOST)";
				DEVELOPMENT_TEAM = BEFKP7RQEK;
				INFOPLIST_FILE = "api-clientTests/Info.plist";
				LD_RUNPATH_SEARCH_PATHS = "$(inherited) @executable_path/Frameworks @loader_path/Frameworks";
				PRODUCT_BUNDLE_IDENTIFIER = "com.example.api-clientTests";
				PRODUCT_NAME = "$(TARGET_NAME)";
				SWIFT_VERSION = 3.0;
				TEST_HOST = "$(BUILT_PRODUCTS_DIR)/api-client.app/api-client";
			};
			name = Debug;
		};
		A7045F391DF508A200B68986 /* Release */ = {
			isa = XCBuildConfiguration;
			buildSettings = {
				ALWAYS_EMBED_SWIFT_STANDARD_LIBRARIES = YES;
				BUNDLE_LOADER = "$(TEST_HOST)";
				DEVELOPMENT_TEAM = BEFKP7RQEK;
				INFOPLIST_FILE = "api-clientTests/Info.plist";
				LD_RUNPATH_SEARCH_PATHS = "$(inherited) @executable_path/Frameworks @loader_path/Frameworks";
				PRODUCT_BUNDLE_IDENTIFIER = "com.example.api-clientTests";
				PRODUCT_NAME = "$(TARGET_NAME)";
				SWIFT_VERSION = 3.0;
				TEST_HOST = "$(BUILT_PRODUCTS_DIR)/api-client.app/api-client";
			};
			name = Release;
		};
/* End XCBuildConfiguration section */

/* Begin XCConfigurationList section */
		A7045F121DF508A200B68986 /* Build configuration list for PBXProject "api-client" */ = {
			isa = XCConfigurationList;
			buildConfigurations = (
				A7045F321DF508A200B68986 /* Debug */,
				A7045F331DF508A200B68986 /* Release */,
			);
			defaultConfigurationIsVisible = 0;
			defaultConfigurationName = Release;
		};
		A7045F341DF508A200B68986 /* Build configuration list for PBXNativeTarget "api-client" */ = {
			isa = XCConfigurationList;
			buildConfigurations = (
				A7045F351DF508A200B68986 /* Debug */,
				A7045F361DF508A200B68986 /* Release */,
			);
			defaultConfigurationIsVisible = 0;
			defaultConfigurationName = Release;
		};
		A7045F371DF508A200B68986 /* Build configuration list for PBXNativeTarget "api-clientTests" */ = {
			isa = XCConfigurationList;
			buildConfigurations = (
				A7045F381DF508A200B68986 /* Debug */,
				A7045F391DF508A200B68986 /* Release */,
			);
			defaultConfigurationIsVisible = 0;
			defaultConfigurationName = Release;
		};
/* End XCConfigurationList section */
	};
	rootObject = A7045F0F1DF508A200B68986 /* Project object */;
}
